// !$*UTF8*$!
{
	archiveVersion = 1;
	classes = {
	};
	objectVersion = 46;
	objects = {

/* Begin PBXBuildFile section */
		7B4FDB40135BE094004DC179 /* KGramWithEditDistanceSpellingCorrector.java in Sources */ = {isa = PBXBuildFile; fileRef = 7B4FDB3F135BE094004DC179 /* KGramWithEditDistanceSpellingCorrector.java */; };
/* End PBXBuildFile section */

/* Begin PBXCopyFilesBuildPhase section */
		7B4FDB3213581E09004DC179 /* CopyFiles */ = {
			isa = PBXCopyFilesBuildPhase;
			buildActionMask = 2147483647;
			dstPath = /usr/share/man/man1/;
			dstSubfolderSpec = 0;
			files = (
			);
			runOnlyForDeploymentPostprocessing = 1;
		};
/* End PBXCopyFilesBuildPhase section */

/* Begin PBXFileReference section */
		7B4FDAE713580AD3004DC179 /* lucene-2.9.0-src.zip */ = {isa = PBXFileReference; lastKnownFileType = archive.zip; path = "lucene-2.9.0-src.zip"; sourceTree = "<group>"; };
		7B4FDAE813580AD3004DC179 /* lucene-core-2.9.0.jar */ = {isa = PBXFileReference; lastKnownFileType = archive.jar; path = "lucene-core-2.9.0.jar"; sourceTree = "<group>"; };
		7B4FDAE913580AD3004DC179 /* lukeall-0.9.9.jar */ = {isa = PBXFileReference; lastKnownFileType = archive.jar; path = "lukeall-0.9.9.jar"; sourceTree = "<group>"; };
		7B4FDAEE13580AD3004DC179 /* IMDBIndexer.java */ = {isa = PBXFileReference; fileEncoding = 4; lastKnownFileType = sourcecode.java; path = IMDBIndexer.java; sourceTree = "<group>"; };
		7B4FDAEF13580AD3004DC179 /* IMDBParser.java */ = {isa = PBXFileReference; fileEncoding = 4; lastKnownFileType = sourcecode.java; path = IMDBParser.java; sourceTree = "<group>"; };
		7B4FDAF113580AD3004DC179 /* KGramSpellingCorrector.java */ = {isa = PBXFileReference; fileEncoding = 4; lastKnownFileType = sourcecode.java; path = KGramSpellingCorrector.java; sourceTree = "<group>"; };
		7B4FDAF213580AD3004DC179 /* SpellingCorrector.java */ = {isa = PBXFileReference; fileEncoding = 4; lastKnownFileType = sourcecode.java; path = SpellingCorrector.java; sourceTree = "<group>"; };
		7B4FDAF313580AD3004DC179 /* SpellingScorer.java */ = {isa = PBXFileReference; fileEncoding = 4; lastKnownFileType = sourcecode.java; path = SpellingScorer.java; sourceTree = "<group>"; };
		7B4FDAF513580AD3004DC179 /* Counter.java */ = {isa = PBXFileReference; fileEncoding = 4; lastKnownFileType = sourcecode.java; path = Counter.java; sourceTree = "<group>"; };
		7B4FDAF613580AD3004DC179 /* Counters.java */ = {isa = PBXFileReference; fileEncoding = 4; lastKnownFileType = sourcecode.java; path = Counters.java; sourceTree = "<group>"; };
		7B4FDAF713580AD3004DC179 /* IOUtils.java */ = {isa = PBXFileReference; fileEncoding = 4; lastKnownFileType = sourcecode.java; path = IOUtils.java; sourceTree = "<group>"; };
		7B4FDAF813580AD3004DC179 /* StringUtils.java */ = {isa = PBXFileReference; fileEncoding = 4; lastKnownFileType = sourcecode.java; path = StringUtils.java; sourceTree = "<group>"; };
		7B4FDAF913580ADA004DC179 /* build.xml */ = {isa = PBXFileReference; fileEncoding = 4; lastKnownFileType = text.xml; path = build.xml; sourceTree = "<group>"; };
		7B4FDB03135813FF004DC179 /* big.txt.gz */ = {isa = PBXFileReference; lastKnownFileType = archive.gzip; path = big.txt.gz; sourceTree = "<group>"; };
		7B4FDB04135813FF004DC179 /* spelltest.txt */ = {isa = PBXFileReference; fileEncoding = 4; lastKnownFileType = text; path = spelltest.txt; sourceTree = "<group>"; };
		7B4FDB05135813FF004DC179 /* run */ = {isa = PBXFileReference; fileEncoding = 4; lastKnownFileType = text.script.sh; path = run; sourceTree = "<group>"; };
		7B4FDB0713581530004DC179 /* out */ = {isa = PBXFileReference; fileEncoding = 4; lastKnownFileType = text; path = out; sourceTree = "<group>"; };
		7B4FDB3413581E09004DC179 /* PE1 */ = {isa = PBXFileReference; explicitFileType = "compiled.mach-o.executable"; includeInIndex = 0; path = PE1; sourceTree = BUILT_PRODUCTS_DIR; };
		7B4FDB3E13582DBD004DC179 /* buildAndRun */ = {isa = PBXFileReference; fileEncoding = 4; lastKnownFileType = text.script.sh; path = buildAndRun; sourceTree = "<group>"; };
		7B4FDB3F135BE094004DC179 /* KGramWithEditDistanceSpellingCorrector.java */ = {isa = PBXFileReference; fileEncoding = 4; lastKnownFileType = sourcecode.java; path = KGramWithEditDistanceSpellingCorrector.java; sourceTree = "<group>"; };
/* End PBXFileReference section */

/* Begin PBXFrameworksBuildPhase section */
		7B4FDB3113581E09004DC179 /* Frameworks */ = {
			isa = PBXFrameworksBuildPhase;
			buildActionMask = 2147483647;
			files = (
			);
			runOnlyForDeploymentPostprocessing = 0;
		};
/* End PBXFrameworksBuildPhase section */

/* Begin PBXGroup section */
		7B4FDAE613580AD3004DC179 /* lib */ = {
			isa = PBXGroup;
			children = (
				7B4FDAE713580AD3004DC179 /* lucene-2.9.0-src.zip */,
				7B4FDAE813580AD3004DC179 /* lucene-core-2.9.0.jar */,
				7B4FDAE913580AD3004DC179 /* lukeall-0.9.9.jar */,
			);
			path = lib;
			sourceTree = "<group>";
		};
		7B4FDAEA13580AD3004DC179 /* src */ = {
			isa = PBXGroup;
			children = (
				7B4FDAEB13580AD3004DC179 /* cs276 */,
			);
			path = src;
			sourceTree = "<group>";
		};
		7B4FDAEB13580AD3004DC179 /* cs276 */ = {
			isa = PBXGroup;
			children = (
				7B4FDAEC13580AD3004DC179 /* pe1 */,
				7B4FDAF413580AD3004DC179 /* util */,
			);
			path = cs276;
			sourceTree = "<group>";
		};
		7B4FDAEC13580AD3004DC179 /* pe1 */ = {
			isa = PBXGroup;
			children = (
				7B4FDAED13580AD3004DC179 /* lucene */,
				7B4FDAF013580AD3004DC179 /* spell */,
			);
			path = pe1;
			sourceTree = "<group>";
		};
		7B4FDAED13580AD3004DC179 /* lucene */ = {
			isa = PBXGroup;
			children = (
				7B4FDAEE13580AD3004DC179 /* IMDBIndexer.java */,
				7B4FDAEF13580AD3004DC179 /* IMDBParser.java */,
			);
			path = lucene;
			sourceTree = "<group>";
		};
		7B4FDAF013580AD3004DC179 /* spell */ = {
			isa = PBXGroup;
			children = (
				7B4FDB3F135BE094004DC179 /* KGramWithEditDistanceSpellingCorrector.java */,
				7B4FDAF113580AD3004DC179 /* KGramSpellingCorrector.java */,
				7B4FDAF213580AD3004DC179 /* SpellingCorrector.java */,
				7B4FDAF313580AD3004DC179 /* SpellingScorer.java */,
			);
			path = spell;
			sourceTree = "<group>";
		};
		7B4FDAF413580AD3004DC179 /* util */ = {
			isa = PBXGroup;
			children = (
				7B4FDAF513580AD3004DC179 /* Counter.java */,
				7B4FDAF613580AD3004DC179 /* Counters.java */,
				7B4FDAF713580AD3004DC179 /* IOUtils.java */,
				7B4FDAF813580AD3004DC179 /* StringUtils.java */,
			);
			path = util;
			sourceTree = "<group>";
		};
		7B4FDB02135813FF004DC179 /* datasources */ = {
			isa = PBXGroup;
			children = (
				7B4FDB03135813FF004DC179 /* big.txt.gz */,
				7B4FDB04135813FF004DC179 /* spelltest.txt */,
			);
			path = datasources;
			sourceTree = "<group>";
		};
		7B4FDB0D13581AD1004DC179 /* Products */ = {
			isa = PBXGroup;
			children = (
				7B4FDB3413581E09004DC179 /* PE1 */,
			);
			name = Products;
			sourceTree = "<group>";
		};
		7B4FDB0F13581AD1004DC179 /* run */ = {
			isa = PBXGroup;
			children = (
			);
			path = run;
			sourceTree = "<group>";
		};
		7BFFEB7A13580A3B004FD01E = {
			isa = PBXGroup;
			children = (
				7B4FDB0713581530004DC179 /* out */,
				7B4FDB05135813FF004DC179 /* run */,
				7B4FDB3E13582DBD004DC179 /* buildAndRun */,
				7B4FDAF913580ADA004DC179 /* build.xml */,
				7B4FDAE613580AD3004DC179 /* lib */,
				7B4FDAEA13580AD3004DC179 /* src */,
				7B4FDB02135813FF004DC179 /* datasources */,
				7B4FDB0F13581AD1004DC179 /* run */,
				7B4FDB0D13581AD1004DC179 /* Products */,
			);
			sourceTree = "<group>";
		};
/* End PBXGroup section */

/* Begin PBXNativeTarget section */
		7B4FDB3313581E09004DC179 /* PE1 */ = {
			isa = PBXNativeTarget;
			buildConfigurationList = 7B4FDB3A13581E09004DC179 /* Build configuration list for PBXNativeTarget "PE1" */;
			buildPhases = (
				7B4FDB3013581E09004DC179 /* Sources */,
				7B4FDB3113581E09004DC179 /* Frameworks */,
				7B4FDB3213581E09004DC179 /* CopyFiles */,
				7B4FDB3D13581E24004DC179 /* ShellScript */,
			);
			buildRules = (
			);
			dependencies = (
			);
			name = PE1;
			productName = PE1;
			productReference = 7B4FDB3413581E09004DC179 /* PE1 */;
			productType = "com.apple.product-type.tool";
		};
/* End PBXNativeTarget section */

/* Begin PBXProject section */
		7BFFEB7C13580A3B004FD01E /* Project object */ = {
			isa = PBXProject;
			buildConfigurationList = 7BFFEB7F13580A3B004FD01E /* Build configuration list for PBXProject "pe1" */;
			compatibilityVersion = "Xcode 3.2";
			developmentRegion = English;
			hasScannedForEncodings = 0;
			knownRegions = (
				en,
			);
			mainGroup = 7BFFEB7A13580A3B004FD01E;
			productRefGroup = 7B4FDB0D13581AD1004DC179 /* Products */;
			projectDirPath = "";
			projectRoot = "";
			targets = (
				7B4FDB3313581E09004DC179 /* PE1 */,
			);
		};
/* End PBXProject section */

/* Begin PBXShellScriptBuildPhase section */
		7B4FDB3D13581E24004DC179 /* ShellScript */ = {
			isa = PBXShellScriptBuildPhase;
			buildActionMask = 2147483647;
			files = (
			);
			inputPaths = (
			);
			outputPaths = (
			);
			runOnlyForDeploymentPostprocessing = 0;
			shellPath = /bin/sh;
			shellScript = ./buildAndRun;
		};
/* End PBXShellScriptBuildPhase section */

/* Begin PBXSourcesBuildPhase section */
		7B4FDB3013581E09004DC179 /* Sources */ = {
			isa = PBXSourcesBuildPhase;
			buildActionMask = 2147483647;
			files = (
				7B4FDB40135BE094004DC179 /* KGramWithEditDistanceSpellingCorrector.java in Sources */,
			);
			runOnlyForDeploymentPostprocessing = 0;
		};
/* End PBXSourcesBuildPhase section */

/* Begin XCBuildConfiguration section */
		7B4FDB3B13581E09004DC179 /* Debug */ = {
			isa = XCBuildConfiguration;
			buildSettings = {
				ALWAYS_SEARCH_USER_PATHS = NO;
				ARCHS = "$(ARCHS_STANDARD_32_64_BIT)";
				COPY_PHASE_STRIP = NO;
				GCC_C_LANGUAGE_STANDARD = gnu99;
				GCC_DYNAMIC_NO_PIC = NO;
				GCC_ENABLE_OBJC_EXCEPTIONS = YES;
				GCC_OPTIMIZATION_LEVEL = 0;
				GCC_PREPROCESSOR_DEFINITIONS = DEBUG;
				GCC_SYMBOLS_PRIVATE_EXTERN = NO;
				GCC_VERSION = com.apple.compilers.llvm.clang.1_0;
				GCC_WARN_64_TO_32_BIT_CONVERSION = YES;
				GCC_WARN_ABOUT_RETURN_TYPE = YES;
				GCC_WARN_UNUSED_VARIABLE = YES;
				MACOSX_DEPLOYMENT_TARGET = 10.6;
				ONLY_ACTIVE_ARCH = YES;
				PRODUCT_NAME = "$(TARGET_NAME)";
				SDKROOT = macosx;
			};
			name = Debug;
		};
		7B4FDB3C13581E09004DC179 /* Release */ = {
			isa = XCBuildConfiguration;
			buildSettings = {
				ALWAYS_SEARCH_USER_PATHS = NO;
				ARCHS = "$(ARCHS_STANDARD_32_64_BIT)";
				COPY_PHASE_STRIP = YES;
				DEBUG_INFORMATION_FORMAT = "dwarf-with-dsym";
				GCC_C_LANGUAGE_STANDARD = gnu99;
				GCC_ENABLE_OBJC_EXCEPTIONS = YES;
				GCC_VERSION = com.apple.compilers.llvm.clang.1_0;
				GCC_WARN_64_TO_32_BIT_CONVERSION = YES;
				GCC_WARN_ABOUT_RETURN_TYPE = YES;
				GCC_WARN_UNUSED_VARIABLE = YES;
				MACOSX_DEPLOYMENT_TARGET = 10.6;
				PRODUCT_NAME = "$(TARGET_NAME)";
				SDKROOT = macosx;
			};
			name = Release;
		};
		7BFFEB8113580A3B004FD01E /* Debug */ = {
			isa = XCBuildConfiguration;
			buildSettings = {
			};
			name = Debug;
		};
		7BFFEB8213580A3B004FD01E /* Release */ = {
			isa = XCBuildConfiguration;
			buildSettings = {
			};
			name = Release;
		};
/* End XCBuildConfiguration section */

/* Begin XCConfigurationList section */
		7B4FDB3A13581E09004DC179 /* Build configuration list for PBXNativeTarget "PE1" */ = {
			isa = XCConfigurationList;
			buildConfigurations = (
				7B4FDB3B13581E09004DC179 /* Debug */,
				7B4FDB3C13581E09004DC179 /* Release */,
			);
			defaultConfigurationIsVisible = 0;
		};
		7BFFEB7F13580A3B004FD01E /* Build configuration list for PBXProject "pe1" */ = {
			isa = XCConfigurationList;
			buildConfigurations = (
				7BFFEB8113580A3B004FD01E /* Debug */,
				7BFFEB8213580A3B004FD01E /* Release */,
			);
			defaultConfigurationIsVisible = 0;
			defaultConfigurationName = Release;
		};
/* End XCConfigurationList section */
	};
	rootObject = 7BFFEB7C13580A3B004FD01E /* Project object */;
}
